
Microsoft Visual Studio Solution File, Format Version 12.00
# Visual Studio Version 17
VisualStudioVersion = 17.11.35222.181
MinimumVisualStudioVersion = 10.0.40219.1
Project("{9A19103F-16F7-4668-BE54-9A1E7A4F7556}") = "AzureHosting2App", "AzureHosting2App\AzureHosting2App.csproj", "{0597EA2D-6151-4B1D-B960-58E600797248}"
EndProject
Project("{FAE04EC0-301F-11D3-BF4B-00C04F79EFBC}") = "BlazorAppHosting2", "FrontEnd\BlazorAppHosting2\BlazorAppHosting2.csproj", "{2350D9E3-00D5-4481-B767-C819CBC3C9AE}"
EndProject
Global
	GlobalSection(SolutionConfigurationPlatforms) = preSolution
		Debug|Any CPU = Debug|Any CPU
		Release|Any CPU = Release|Any CPU
	EndGlobalSection
	GlobalSection(ProjectConfigurationPlatforms) = postSolution
		{0597EA2D-6151-4B1D-B960-58E600797248}.Debug|Any CPU.ActiveCfg = Debug|Any CPU
		{0597EA2D-6151-4B1D-B960-58E600797248}.Debug|Any CPU.Build.0 = Debug|Any CPU
		{0597EA2D-6151-4B1D-B960-58E600797248}.Release|Any CPU.ActiveCfg = Release|Any CPU
		{0597EA2D-6151-4B1D-B960-58E600797248}.Release|Any CPU.Build.0 = Release|Any CPU
		{2350D9E3-00D5-4481-B767-C819CBC3C9AE}.Debug|Any CPU.ActiveCfg = Debug|Any CPU
		{2350D9E3-00D5-4481-B767-C819CBC3C9AE}.Debug|Any CPU.Build.0 = Debug|Any CPU
		{2350D9E3-00D5-4481-B767-C819CBC3C9AE}.Release|Any CPU.ActiveCfg = Release|Any CPU
		{2350D9E3-00D5-4481-B767-C819CBC3C9AE}.Release|Any CPU.Build.0 = Release|Any CPU
	EndGlobalSection
	GlobalSection(SolutionProperties) = preSolution
		HideSolutionNode = FALSE
	EndGlobalSection
	GlobalSection(ExtensibilityGlobals) = postSolution
		SolutionGuid = {6C47BEF5-FFE3-478B-BFB4-2703A0B4B0E3}
	EndGlobalSection
EndGlobal
